
Microsoft Visual Studio Solution File, Format Version 12.00
# Visual Studio Version 17
VisualStudioVersion = 17.9.34723.18
MinimumVisualStudioVersion = 10.0.40219.1
Project("{FAE04EC0-301F-11D3-BF4B-00C04F79EFBC}") = "jchusinExamen", "jchusinExamen.csproj", "{6CAEE0F9-9F15-4B65-A930-1827D7E3D9CF}"
EndProject
Global
	GlobalSection(SolutionConfigurationPlatforms) = preSolution
		Debug|Any CPU = Debug|Any CPU
		Release|Any CPU = Release|Any CPU
	EndGlobalSection
	GlobalSection(ProjectConfigurationPlatforms) = postSolution
		{6CAEE0F9-9F15-4B65-A930-1827D7E3D9CF}.Debug|Any CPU.ActiveCfg = Debug|Any CPU
		{6CAEE0F9-9F15-4B65-A930-1827D7E3D9CF}.Debug|Any CPU.Build.0 = Debug|Any CPU
		{6CAEE0F9-9F15-4B65-A930-1827D7E3D9CF}.Debug|Any CPU.Deploy.0 = Debug|Any CPU
		{6CAEE0F9-9F15-4B65-A930-1827D7E3D9CF}.Release|Any CPU.ActiveCfg = Release|Any CPU
		{6CAEE0F9-9F15-4B65-A930-1827D7E3D9CF}.Release|Any CPU.Build.0 = Release|Any CPU
		{6CAEE0F9-9F15-4B65-A930-1827D7E3D9CF}.Release|Any CPU.Deploy.0 = Release|Any CPU
	EndGlobalSection
	GlobalSection(SolutionProperties) = preSolution
		HideSolutionNode = FALSE
	EndGlobalSection
	GlobalSection(ExtensibilityGlobals) = postSolution
		SolutionGuid = {477DD6B2-B0D8-470A-A190-37E298B0A5F1}
	EndGlobalSection
EndGlobal
